<?xml version="1.0" encoding="utf-8"?>
<Project ToolsVersion="4.0" xmlns="http://schemas.microsoft.com/developer/msbuild/2003">
  <ItemGroup>
    <Filter Include="Utils">
      <UniqueIdentifier>{0fa818a0-8dea-49f8-ade3-2ad14e82219c}</UniqueIdentifier>
    </Filter>
    <Filter Include="Engine">
      <UniqueIdentifier>{38b68d0d-a3d9-404d-a647-53cb49fc4080}</UniqueIdentifier>
    </Filter>
    <Filter Include="Objects">
      <UniqueIdentifier>{d75eacdc-fc13-4dc0-a5ba-4447fefac26f}</UniqueIdentifier>
    </Filter>
    <Filter Include="Engine\Managers">
      <UniqueIdentifier>{7c792af5-355c-4816-9eec-402781775e9b}</UniqueIdentifier>
    </Filter>
    <Filter Include="Vendor">
      <UniqueIdentifier>{78e3c992-2776-4edc-a6c6-1b88ecc63c8a}</UniqueIdentifier>
    </Filter>
    <Filter Include="Engine\Common">
      <UniqueIdentifier>{d5ac8a56-926c-4065-8d66-ee43451c0994}</UniqueIdentifier>
    </Filter>
    <Filter Include="Engine\System">
      <UniqueIdentifier>{491901ab-ae18-4afa-9e89-71c8e4fde16b}</UniqueIdentifier>
    </Filter>
  </ItemGroup>
  <ItemGroup>
    <ClCompile Include="src\SystemUtils.cpp">
      <Filter>Utils</Filter>
    </ClCompile>
    <ClCompile Include="src\main.cpp" />
    <ClCompile Include="src\pch.cpp" />
    <ClCompile Include="src\Game.cpp">
      <Filter>Engine</Filter>
    </ClCompile>
    <ClCompile Include="src\BaseObject.cpp">
      <Filter>Objects</Filter>
    </ClCompile>
    <ClCompile Include="src\SDLBaseObject.cpp">
      <Filter>Objects</Filter>
    </ClCompile>
    <ClCompile Include="src\Player.cpp">
      <Filter>Objects</Filter>
    </ClCompile>
    <ClCompile Include="src\TextureManager.cpp">
      <Filter>Engine\Managers</Filter>
    </ClCompile>
    <ClCompile Include="src\Log.cpp">
      <Filter>Utils</Filter>
    </ClCompile>
    <ClCompile Include="src\Config.cpp">
      <Filter>Utils</Filter>
    </ClCompile>
    <ClCompile Include="src\InputHandler.cpp">
      <Filter>Engine\System</Filter>
    </ClCompile>
  </ItemGroup>
  <ItemGroup>
    <ClInclude Include="src\SystemUtils.h">
      <Filter>Utils</Filter>
    </ClInclude>
    <ClInclude Include="src\pch.h" />
    <ClInclude Include="src\Game.h">
      <Filter>Engine</Filter>
    </ClInclude>
    <ClInclude Include="src\BaseObject.h">
      <Filter>Objects</Filter>
    </ClInclude>
    <ClInclude Include="src\SDLBaseObject.h">
      <Filter>Objects</Filter>
    </ClInclude>
    <ClInclude Include="src\Player.h">
      <Filter>Objects</Filter>
    </ClInclude>
    <ClInclude Include="src\TextureManager.h">
      <Filter>Engine\Managers</Filter>
    </ClInclude>
    <ClInclude Include="src\Log.h">
      <Filter>Utils</Filter>
    </ClInclude>
    <ClInclude Include="src\INIReader.h">
      <Filter>Vendor</Filter>
    </ClInclude>
    <ClInclude Include="src\Config.h">
      <Filter>Utils</Filter>
    </ClInclude>
    <ClInclude Include="src\Vector2f.h">
      <Filter>Engine\Common</Filter>
    </ClInclude>
    <ClInclude Include="src\InputHandler.h">
      <Filter>Engine\System</Filter>
    </ClInclude>
  </ItemGroup>
</Project>