<?xml version="1.0" encoding="utf-8"?>
<Project ToolsVersion="4.0" xmlns="http://schemas.microsoft.com/developer/msbuild/2003">
  <ItemGroup>
    <Filter Include="Engine">
      <UniqueIdentifier>{38b68d0d-a3d9-404d-a647-53cb49fc4080}</UniqueIdentifier>
    </Filter>
    <Filter Include="Objects">
      <UniqueIdentifier>{d75eacdc-fc13-4dc0-a5ba-4447fefac26f}</UniqueIdentifier>
    </Filter>
    <Filter Include="Engine\Managers">
      <UniqueIdentifier>{7c792af5-355c-4816-9eec-402781775e9b}</UniqueIdentifier>
    </Filter>
    <Filter Include="Vendor">
      <UniqueIdentifier>{78e3c992-2776-4edc-a6c6-1b88ecc63c8a}</UniqueIdentifier>
    </Filter>
    <Filter Include="Engine\Common">
      <UniqueIdentifier>{d5ac8a56-926c-4065-8d66-ee43451c0994}</UniqueIdentifier>
    </Filter>
    <Filter Include="States">
      <UniqueIdentifier>{314e9632-d195-4156-9232-15875e17fccc}</UniqueIdentifier>
    </Filter>
    <Filter Include="Engine\Vendor">
      <UniqueIdentifier>{793ea665-6075-479a-ba5f-073fdf986a0d}</UniqueIdentifier>
    </Filter>
    <Filter Include="Engine\Utils">
      <UniqueIdentifier>{0fa818a0-8dea-49f8-ade3-2ad14e82219c}</UniqueIdentifier>
    </Filter>
  </ItemGroup>
  <ItemGroup>
    <ClCompile Include="src\SystemUtils.cpp">
      <Filter>Engine\Utils</Filter>
    </ClCompile>
    <ClCompile Include="src\main.cpp" />
    <ClCompile Include="src\pch.cpp" />
    <ClCompile Include="src\Player.cpp">
      <Filter>Objects</Filter>
    </ClCompile>
    <ClCompile Include="src\TextureManager.cpp">
      <Filter>Engine\Managers</Filter>
    </ClCompile>
    <ClCompile Include="src\Log.cpp">
      <Filter>Engine\Utils</Filter>
    </ClCompile>
    <ClCompile Include="src\Config.cpp">
      <Filter>Engine\Utils</Filter>
    </ClCompile>
    <ClCompile Include="src\GameState.h">
      <Filter>Engine</Filter>
    </ClCompile>
    <ClCompile Include="src\SplashState.cpp">
      <Filter>States</Filter>
    </ClCompile>
    <ClCompile Include="src\MenuState.cpp">
      <Filter>States</Filter>
    </ClCompile>
    <ClCompile Include="src\PlayState.cpp">
      <Filter>States</Filter>
    </ClCompile>
    <ClCompile Include="src\SDLGameObject.cpp">
      <Filter>Objects</Filter>
    </ClCompile>
    <ClCompile Include="src\GameObjectFactory.cpp">
      <Filter>Engine</Filter>
    </ClCompile>
    <ClCompile Include="src\GameStateMachine.cpp">
      <Filter>Engine</Filter>
    </ClCompile>
    <ClCompile Include="src\InputHandler.cpp">
      <Filter>Engine</Filter>
    </ClCompile>
    <ClCompile Include="src\StateParser.cpp">
      <Filter>Engine</Filter>
    </ClCompile>
    <ClCompile Include="src\tinyxml2.cpp">
      <Filter>Engine\Vendor</Filter>
    </ClCompile>
    <ClCompile Include="src\Game.cpp">
      <Filter>Engine</Filter>
    </ClCompile>
  </ItemGroup>
  <ItemGroup>
    <ClInclude Include="src\SystemUtils.h">
      <Filter>Engine\Utils</Filter>
    </ClInclude>
    <ClInclude Include="src\pch.h" />
    <ClInclude Include="src\Player.h">
      <Filter>Objects</Filter>
    </ClInclude>
    <ClInclude Include="src\TextureManager.h">
      <Filter>Engine\Managers</Filter>
    </ClInclude>
    <ClInclude Include="src\Log.h">
      <Filter>Engine\Utils</Filter>
    </ClInclude>
    <ClInclude Include="src\INIReader.h">
      <Filter>Vendor</Filter>
    </ClInclude>
    <ClInclude Include="src\Config.h">
      <Filter>Engine\Utils</Filter>
    </ClInclude>
    <ClInclude Include="src\Vector2f.h">
      <Filter>Engine\Common</Filter>
    </ClInclude>
    <ClInclude Include="src\EGameState.h">
      <Filter>States</Filter>
    </ClInclude>
    <ClInclude Include="src\SplashState.h">
      <Filter>States</Filter>
    </ClInclude>
    <ClInclude Include="src\MenuState.h">
      <Filter>States</Filter>
    </ClInclude>
    <ClInclude Include="src\PlayState.h">
      <Filter>States</Filter>
    </ClInclude>
    <ClInclude Include="src\GameObject.h">
      <Filter>Objects</Filter>
    </ClInclude>
    <ClInclude Include="src\SDLGameObject.h">
      <Filter>Objects</Filter>
    </ClInclude>
    <ClInclude Include="src\GameObjectCreator.h">
      <Filter>Engine</Filter>
    </ClInclude>
    <ClInclude Include="src\GameObjectFactory.h">
      <Filter>Engine</Filter>
    </ClInclude>
    <ClInclude Include="src\GameStateMachine.h">
      <Filter>Engine</Filter>
    </ClInclude>
    <ClInclude Include="src\InputHandler.h">
      <Filter>Engine</Filter>
    </ClInclude>
    <ClInclude Include="src\StateParser.h">
      <Filter>Engine</Filter>
    </ClInclude>
    <ClInclude Include="src\tinyxml2.h">
      <Filter>Engine\Vendor</Filter>
    </ClInclude>
    <ClInclude Include="src\Game.h">
      <Filter>Engine</Filter>
    </ClInclude>
  </ItemGroup>
</Project>