<?xml version="1.0" encoding="utf-8"?>
<Project ToolsVersion="4.0" xmlns="http://schemas.microsoft.com/developer/msbuild/2003">
  <ItemGroup>
    <Filter Include="Engine">
      <UniqueIdentifier>{38b68d0d-a3d9-404d-a647-53cb49fc4080}</UniqueIdentifier>
    </Filter>
    <Filter Include="Engine\Managers">
      <UniqueIdentifier>{7c792af5-355c-4816-9eec-402781775e9b}</UniqueIdentifier>
    </Filter>
    <Filter Include="Engine\Vendor">
      <UniqueIdentifier>{793ea665-6075-479a-ba5f-073fdf986a0d}</UniqueIdentifier>
    </Filter>
    <Filter Include="Engine\Utils">
      <UniqueIdentifier>{0fa818a0-8dea-49f8-ade3-2ad14e82219c}</UniqueIdentifier>
    </Filter>
    <Filter Include="Engine\DataObjects">
      <UniqueIdentifier>{d5ac8a56-926c-4065-8d66-ee43451c0994}</UniqueIdentifier>
    </Filter>
    <Filter Include="Engine\GameObjects">
      <UniqueIdentifier>{f5399f15-ca78-4603-84bb-3e6bb4f62272}</UniqueIdentifier>
    </Filter>
    <Filter Include="Game">
      <UniqueIdentifier>{66034484-570a-4b61-a65e-fe066d3a4218}</UniqueIdentifier>
    </Filter>
    <Filter Include="Game\Objects">
      <UniqueIdentifier>{d75eacdc-fc13-4dc0-a5ba-4447fefac26f}</UniqueIdentifier>
    </Filter>
    <Filter Include="Game\Map">
      <UniqueIdentifier>{8ccaf1e0-8ba0-435a-8e46-1311ced5d893}</UniqueIdentifier>
    </Filter>
    <Filter Include="Game\Map\Layers">
      <UniqueIdentifier>{a2147a33-8002-4714-aae1-b55232d600a3}</UniqueIdentifier>
    </Filter>
    <Filter Include="Engine\Factories">
      <UniqueIdentifier>{1ca58d3c-2ae6-4c29-99c0-b4145d933049}</UniqueIdentifier>
    </Filter>
    <Filter Include="Game\Scenes">
      <UniqueIdentifier>{314e9632-d195-4156-9232-15875e17fccc}</UniqueIdentifier>
    </Filter>
    <Filter Include="Engine\UI">
      <UniqueIdentifier>{878df138-bc9a-44a0-ae66-64e2239aa8f0}</UniqueIdentifier>
    </Filter>
    <Filter Include="Game\Parsers">
      <UniqueIdentifier>{b89b8f3e-cc56-4b2d-8bcd-37cba43072a7}</UniqueIdentifier>
    </Filter>
  </ItemGroup>
  <ItemGroup>
    <ClCompile Include="src\main.cpp" />
    <ClCompile Include="src\pch.cpp" />
    <ClCompile Include="src\Player.cpp">
      <Filter>Game\Objects</Filter>
    </ClCompile>
    <ClCompile Include="src\TextureManager.cpp">
      <Filter>Engine\Managers</Filter>
    </ClCompile>
    <ClCompile Include="src\Log.cpp">
      <Filter>Engine\Utils</Filter>
    </ClCompile>
    <ClCompile Include="src\Config.cpp">
      <Filter>Engine\Utils</Filter>
    </ClCompile>
    <ClCompile Include="src\InputHandler.cpp">
      <Filter>Engine</Filter>
    </ClCompile>
    <ClCompile Include="src\Game.cpp">
      <Filter>Engine</Filter>
    </ClCompile>
    <ClCompile Include="src\Level.cpp">
      <Filter>Game\Map</Filter>
    </ClCompile>
    <ClCompile Include="src\TileLayer.cpp">
      <Filter>Game\Map\Layers</Filter>
    </ClCompile>
    <ClCompile Include="src\FontManager.cpp">
      <Filter>Engine\Managers</Filter>
    </ClCompile>
    <ClCompile Include="src\SystemUtils.cpp">
      <Filter>Engine\Utils</Filter>
    </ClCompile>
    <ClCompile Include="src\Animation.cpp">
      <Filter>Engine\GameObjects</Filter>
    </ClCompile>
    <ClCompile Include="src\Camera.cpp">
      <Filter>Engine</Filter>
    </ClCompile>
    <ClCompile Include="src\Sprite.cpp">
      <Filter>Engine\GameObjects</Filter>
    </ClCompile>
    <ClCompile Include="src\vendor\base64.cpp">
      <Filter>Engine\Vendor</Filter>
    </ClCompile>
    <ClCompile Include="src\vendor\tinyxml2.cpp">
      <Filter>Engine\Vendor</Filter>
    </ClCompile>
    <ClCompile Include="src\GameObjectFactory.cpp">
      <Filter>Engine\Factories</Filter>
    </ClCompile>
    <ClCompile Include="src\GameScene.h">
      <Filter>Engine</Filter>
    </ClCompile>
    <ClCompile Include="src\GameSceneFactory.cpp">
      <Filter>Engine\Factories</Filter>
    </ClCompile>
    <ClCompile Include="src\MenuScene.cpp">
      <Filter>Game\Scenes</Filter>
    </ClCompile>
    <ClCompile Include="src\PlayScene.cpp">
      <Filter>Game\Scenes</Filter>
    </ClCompile>
    <ClCompile Include="src\SplashScene.cpp">
      <Filter>Game\Scenes</Filter>
    </ClCompile>
    <ClCompile Include="src\Properties.cpp">
      <Filter>Engine\Utils</Filter>
    </ClCompile>
    <ClCompile Include="src\SceneManager.cpp">
      <Filter>Engine\Managers</Filter>
    </ClCompile>
    <ClCompile Include="src\SolidObjectsGrid.cpp">
      <Filter>Game\Map</Filter>
    </ClCompile>
    <ClCompile Include="src\Renderer.cpp">
      <Filter>Engine</Filter>
    </ClCompile>
    <ClCompile Include="src\SoundManager.cpp">
      <Filter>Engine\Managers</Filter>
    </ClCompile>
    <ClCompile Include="src\SoundPlayer.cpp">
      <Filter>Engine</Filter>
    </ClCompile>
    <ClCompile Include="src\Portal.cpp">
      <Filter>Game\Map</Filter>
    </ClCompile>
    <ClCompile Include="src\Npc.cpp">
      <Filter>Game\Objects</Filter>
    </ClCompile>
    <ClCompile Include="src\UserInterface.cpp">
      <Filter>Game</Filter>
    </ClCompile>
    <ClCompile Include="src\Text.cpp">
      <Filter>Engine\UI</Filter>
    </ClCompile>
    <ClCompile Include="src\DialogPlayer.cpp">
      <Filter>Engine\UI</Filter>
    </ClCompile>
    <ClCompile Include="src\XmlHelper.cpp">
      <Filter>Engine\Utils</Filter>
    </ClCompile>
    <ClCompile Include="src\LevelParser.cpp">
      <Filter>Game\Parsers</Filter>
    </ClCompile>
    <ClCompile Include="src\GameObjectParser.cpp">
      <Filter>Game\Parsers</Filter>
    </ClCompile>
    <ClCompile Include="src\GameSceneParser.cpp">
      <Filter>Game\Parsers</Filter>
    </ClCompile>
    <ClCompile Include="src\DialogParser.cpp">
      <Filter>Game\Parsers</Filter>
    </ClCompile>
  </ItemGroup>
  <ItemGroup>
    <ClInclude Include="src\SystemUtils.h">
      <Filter>Engine\Utils</Filter>
    </ClInclude>
    <ClInclude Include="src\pch.h" />
    <ClInclude Include="src\Player.h">
      <Filter>Game\Objects</Filter>
    </ClInclude>
    <ClInclude Include="src\TextureManager.h">
      <Filter>Engine\Managers</Filter>
    </ClInclude>
    <ClInclude Include="src\Log.h">
      <Filter>Engine\Utils</Filter>
    </ClInclude>
    <ClInclude Include="src\Config.h">
      <Filter>Engine\Utils</Filter>
    </ClInclude>
    <ClInclude Include="src\Vector2f.h">
      <Filter>Engine\DataObjects</Filter>
    </ClInclude>
    <ClInclude Include="src\InputHandler.h">
      <Filter>Engine</Filter>
    </ClInclude>
    <ClInclude Include="src\Game.h">
      <Filter>Engine</Filter>
    </ClInclude>
    <ClInclude Include="src\Level.h">
      <Filter>Game\Map</Filter>
    </ClInclude>
    <ClInclude Include="src\Tileset.h">
      <Filter>Game\Map</Filter>
    </ClInclude>
    <ClInclude Include="src\TileLayer.h">
      <Filter>Game\Map\Layers</Filter>
    </ClInclude>
    <ClInclude Include="src\GameObject.h">
      <Filter>Engine\GameObjects</Filter>
    </ClInclude>
    <ClInclude Include="src\Camera.h">
      <Filter>Engine</Filter>
    </ClInclude>
    <ClInclude Include="src\FontManager.h">
      <Filter>Engine\Managers</Filter>
    </ClInclude>
    <ClInclude Include="src\Collision.h">
      <Filter>Engine</Filter>
    </ClInclude>
    <ClInclude Include="src\Collidable.h">
      <Filter>Engine\GameObjects</Filter>
    </ClInclude>
    <ClInclude Include="src\Bootstrap.h">
      <Filter>Game</Filter>
    </ClInclude>
    <ClInclude Include="src\ECollisionType.h">
      <Filter>Game</Filter>
    </ClInclude>
    <ClInclude Include="src\Animation.h">
      <Filter>Engine\GameObjects</Filter>
    </ClInclude>
    <ClInclude Include="src\Sprite.h">
      <Filter>Engine\GameObjects</Filter>
    </ClInclude>
    <ClInclude Include="src\Drawable.h">
      <Filter>Engine\GameObjects</Filter>
    </ClInclude>
    <ClInclude Include="src\vendor\base64.h">
      <Filter>Engine\Vendor</Filter>
    </ClInclude>
    <ClInclude Include="src\vendor\INIReader.h">
      <Filter>Engine\Vendor</Filter>
    </ClInclude>
    <ClInclude Include="src\vendor\tinyxml2.h">
      <Filter>Engine\Vendor</Filter>
    </ClInclude>
    <ClInclude Include="src\GameObjectCreator.h">
      <Filter>Engine\Factories</Filter>
    </ClInclude>
    <ClInclude Include="src\GameObjectFactory.h">
      <Filter>Engine\Factories</Filter>
    </ClInclude>
    <ClInclude Include="src\GameSceneFactory.h">
      <Filter>Engine\Factories</Filter>
    </ClInclude>
    <ClInclude Include="src\GameSceneCreator.h">
      <Filter>Engine\Factories</Filter>
    </ClInclude>
    <ClInclude Include="src\MenuScene.h">
      <Filter>Game\Scenes</Filter>
    </ClInclude>
    <ClInclude Include="src\PlayScene.h">
      <Filter>Game\Scenes</Filter>
    </ClInclude>
    <ClInclude Include="src\SplashScene.h">
      <Filter>Game\Scenes</Filter>
    </ClInclude>
    <ClInclude Include="src\Properties.h">
      <Filter>Engine\Utils</Filter>
    </ClInclude>
    <ClInclude Include="src\Portal.h">
      <Filter>Game\Map</Filter>
    </ClInclude>
    <ClInclude Include="src\SceneManager.h">
      <Filter>Engine\Managers</Filter>
    </ClInclude>
    <ClInclude Include="src\SolidObjectsGrid.h">
      <Filter>Game\Map</Filter>
    </ClInclude>
    <ClInclude Include="src\Renderer.h">
      <Filter>Engine</Filter>
    </ClInclude>
    <ClInclude Include="src\SoundManager.h">
      <Filter>Engine\Managers</Filter>
    </ClInclude>
    <ClInclude Include="src\SoundPlayer.h">
      <Filter>Engine</Filter>
    </ClInclude>
    <ClInclude Include="src\Npc.h">
      <Filter>Game\Objects</Filter>
    </ClInclude>
    <ClInclude Include="src\Obstacle.h">
      <Filter>Game\Map</Filter>
    </ClInclude>
    <ClInclude Include="src\Entity.h">
      <Filter>Engine\GameObjects</Filter>
    </ClInclude>
    <ClInclude Include="src\UserInterface.h">
      <Filter>Game</Filter>
    </ClInclude>
    <ClInclude Include="src\Text.h">
      <Filter>Engine\UI</Filter>
    </ClInclude>
    <ClInclude Include="src\UIElement.h">
      <Filter>Engine\UI</Filter>
    </ClInclude>
    <ClInclude Include="src\DialogPlayer.h">
      <Filter>Engine\UI</Filter>
    </ClInclude>
    <ClInclude Include="src\XmlHelper.h">
      <Filter>Engine\Utils</Filter>
    </ClInclude>
    <ClInclude Include="src\Dialog.h">
      <Filter>Engine\DataObjects</Filter>
    </ClInclude>
    <ClInclude Include="src\LevelParser.h">
      <Filter>Game\Parsers</Filter>
    </ClInclude>
    <ClInclude Include="src\GameObjectParser.h">
      <Filter>Game\Parsers</Filter>
    </ClInclude>
    <ClInclude Include="src\GameSceneParser.h">
      <Filter>Game\Parsers</Filter>
    </ClInclude>
    <ClInclude Include="src\DialogParser.h">
      <Filter>Game\Parsers</Filter>
    </ClInclude>
  </ItemGroup>
</Project>